
Microsoft Visual Studio Solution File, Format Version 12.00
# Visual Studio Version 16
VisualStudioVersion = 16.0.29920.165
MinimumVisualStudioVersion = 10.0.40219.1
Project("{FAE04EC0-301F-11D3-BF4B-00C04F79EFBC}") = "Simulation-Banking-Stack", "Simulation-Banking-Stack.csproj", "{8D99D735-C25A-4CD0-B272-DBC67DD8DDFF}"
EndProject
Global
	GlobalSection(SolutionConfigurationPlatforms) = preSolution
		Debug|Any CPU = Debug|Any CPU
		Release|Any CPU = Release|Any CPU
	EndGlobalSection
	GlobalSection(ProjectConfigurationPlatforms) = postSolution
		{8D99D735-C25A-4CD0-B272-DBC67DD8DDFF}.Debug|Any CPU.ActiveCfg = Debug|Any CPU
		{8D99D735-C25A-4CD0-B272-DBC67DD8DDFF}.Debug|Any CPU.Build.0 = Debug|Any CPU
		{8D99D735-C25A-4CD0-B272-DBC67DD8DDFF}.Release|Any CPU.ActiveCfg = Release|Any CPU
		{8D99D735-C25A-4CD0-B272-DBC67DD8DDFF}.Release|Any CPU.Build.0 = Release|Any CPU
	EndGlobalSection
	GlobalSection(SolutionProperties) = preSolution
		HideSolutionNode = FALSE
	EndGlobalSection
	GlobalSection(ExtensibilityGlobals) = postSolution
		SolutionGuid = {B1004FAA-5304-48A0-BD32-68E7BB8FCDA7}
	EndGlobalSection
EndGlobal
